
Microsoft Visual Studio Solution File, Format Version 12.00
# Visual Studio Version 16
VisualStudioVersion = 16.0.31402.337
MinimumVisualStudioVersion = 10.0.40219.1
Project("{FAE04EC0-301F-11D3-BF4B-00C04F79EFBC}") = "SOLID2", "SOLID2\SOLID2.csproj", "{261D0C7E-03F5-4527-83D9-11834527B4F8}"
EndProject
Global
	GlobalSection(SolutionConfigurationPlatforms) = preSolution
		Debug|Any CPU = Debug|Any CPU
		Release|Any CPU = Release|Any CPU
	EndGlobalSection
	GlobalSection(ProjectConfigurationPlatforms) = postSolution
		{261D0C7E-03F5-4527-83D9-11834527B4F8}.Debug|Any CPU.ActiveCfg = Debug|Any CPU
		{261D0C7E-03F5-4527-83D9-11834527B4F8}.Debug|Any CPU.Build.0 = Debug|Any CPU
		{261D0C7E-03F5-4527-83D9-11834527B4F8}.Release|Any CPU.ActiveCfg = Release|Any CPU
		{261D0C7E-03F5-4527-83D9-11834527B4F8}.Release|Any CPU.Build.0 = Release|Any CPU
	EndGlobalSection
	GlobalSection(SolutionProperties) = preSolution
		HideSolutionNode = FALSE
	EndGlobalSection
	GlobalSection(ExtensibilityGlobals) = postSolution
		SolutionGuid = {2C5416FC-7C39-4CE9-92E2-FF0B2F77DE02}
	EndGlobalSection
EndGlobal
